
Microsoft Visual Studio Solution File, Format Version 12.00
# Visual Studio Version 17
VisualStudioVersion = 17.0.31903.59
MinimumVisualStudioVersion = 10.0.40219.1
Project("{2150E333-8FDC-42A3-9474-1A3956D46DE8}") = "src", "src", "{827E0CD3-B72D-47B6-A68D-7590B98EB39B}"
EndProject
Project("{FAE04EC0-301F-11D3-BF4B-00C04F79EFBC}") = "BANxOpen.Materials.Contracts", "src\BANxOpen.Materials.Contracts\BANxOpen.Materials.Contracts.csproj", "{A1C4E079-A4C9-442C-A5AE-CE63196AE9B2}"
EndProject
Project("{FAE04EC0-301F-11D3-BF4B-00C04F79EFBC}") = "BANxOpen.Materials.Core", "src\BANxOpen.Materials.Core\BANxOpen.Materials.Core.csproj", "{FB675BDC-2726-44FA-AEAD-F2F5DBDD3826}"
EndProject
Project("{FAE04EC0-301F-11D3-BF4B-00C04F79EFBC}") = "BANxOpen.Materials.NxAdapters", "src\BANxOpen.Materials.NxAdapters\BANxOpen.Materials.NxAdapters.csproj", "{6279B2C7-791C-460B-803D-DB43C87E6DA5}"
EndProject
Project("{2150E333-8FDC-42A3-9474-1A3956D46DE8}") = "tests", "tests", "{0AB3BF05-4346-4AA6-1389-037BE0695223}"
EndProject
Project("{FAE04EC0-301F-11D3-BF4B-00C04F79EFBC}") = "BANxOpen.Materials.Contracts.Tests", "tests\BANxOpen.Materials.Contracts.Tests\BANxOpen.Materials.Contracts.Tests.csproj", "{6FFB98F1-5A08-4D99-958B-448A305F52FA}"
EndProject
Project("{FAE04EC0-301F-11D3-BF4B-00C04F79EFBC}") = "BANxOpen.Materials.Core.Tests", "tests\BANxOpen.Materials.Core.Tests\BANxOpen.Materials.Core.Tests.csproj", "{9DD5C789-F4F1-447C-B0AA-54604BE727D1}"
EndProject
Global
	GlobalSection(SolutionConfigurationPlatforms) = preSolution
		Debug|Any CPU = Debug|Any CPU
		Debug|x64 = Debug|x64
		Debug|x86 = Debug|x86
		Release|Any CPU = Release|Any CPU
		Release|x64 = Release|x64
		Release|x86 = Release|x86
	EndGlobalSection
	GlobalSection(ProjectConfigurationPlatforms) = postSolution
		{A1C4E079-A4C9-442C-A5AE-CE63196AE9B2}.Debug|Any CPU.ActiveCfg = Debug|Any CPU
		{A1C4E079-A4C9-442C-A5AE-CE63196AE9B2}.Debug|Any CPU.Build.0 = Debug|Any CPU
		{A1C4E079-A4C9-442C-A5AE-CE63196AE9B2}.Debug|x64.ActiveCfg = Debug|Any CPU
		{A1C4E079-A4C9-442C-A5AE-CE63196AE9B2}.Debug|x64.Build.0 = Debug|Any CPU
		{A1C4E079-A4C9-442C-A5AE-CE63196AE9B2}.Debug|x86.ActiveCfg = Debug|Any CPU
		{A1C4E079-A4C9-442C-A5AE-CE63196AE9B2}.Debug|x86.Build.0 = Debug|Any CPU
		{A1C4E079-A4C9-442C-A5AE-CE63196AE9B2}.Release|Any CPU.ActiveCfg = Release|Any CPU
		{A1C4E079-A4C9-442C-A5AE-CE63196AE9B2}.Release|Any CPU.Build.0 = Release|Any CPU
		{A1C4E079-A4C9-442C-A5AE-CE63196AE9B2}.Release|x64.ActiveCfg = Release|Any CPU
		{A1C4E079-A4C9-442C-A5AE-CE63196AE9B2}.Release|x64.Build.0 = Release|Any CPU
		{A1C4E079-A4C9-442C-A5AE-CE63196AE9B2}.Release|x86.ActiveCfg = Release|Any CPU
		{A1C4E079-A4C9-442C-A5AE-CE63196AE9B2}.Release|x86.Build.0 = Release|Any CPU
		{FB675BDC-2726-44FA-AEAD-F2F5DBDD3826}.Debug|Any CPU.ActiveCfg = Debug|Any CPU
		{FB675BDC-2726-44FA-AEAD-F2F5DBDD3826}.Debug|Any CPU.Build.0 = Debug|Any CPU
		{FB675BDC-2726-44FA-AEAD-F2F5DBDD3826}.Debug|x64.ActiveCfg = Debug|Any CPU
		{FB675BDC-2726-44FA-AEAD-F2F5DBDD3826}.Debug|x64.Build.0 = Debug|Any CPU
		{FB675BDC-2726-44FA-AEAD-F2F5DBDD3826}.Debug|x86.ActiveCfg = Debug|Any CPU
		{FB675BDC-2726-44FA-AEAD-F2F5DBDD3826}.Debug|x86.Build.0 = Debug|Any CPU
		{FB675BDC-2726-44FA-AEAD-F2F5DBDD3826}.Release|Any CPU.ActiveCfg = Release|Any CPU
		{FB675BDC-2726-44FA-AEAD-F2F5DBDD3826}.Release|Any CPU.Build.0 = Release|Any CPU
		{FB675BDC-2726-44FA-AEAD-F2F5DBDD3826}.Release|x64.ActiveCfg = Release|Any CPU
		{FB675BDC-2726-44FA-AEAD-F2F5DBDD3826}.Release|x64.Build.0 = Release|Any CPU
		{FB675BDC-2726-44FA-AEAD-F2F5DBDD3826}.Release|x86.ActiveCfg = Release|Any CPU
		{FB675BDC-2726-44FA-AEAD-F2F5DBDD3826}.Release|x86.Build.0 = Release|Any CPU
		{6279B2C7-791C-460B-803D-DB43C87E6DA5}.Debug|Any CPU.ActiveCfg = Debug|Any CPU
		{6279B2C7-791C-460B-803D-DB43C87E6DA5}.Debug|x64.ActiveCfg = Debug|Any CPU
		{6279B2C7-791C-460B-803D-DB43C87E6DA5}.Debug|x86.ActiveCfg = Debug|Any CPU
		{6279B2C7-791C-460B-803D-DB43C87E6DA5}.Release|Any CPU.ActiveCfg = Release|Any CPU
		{6279B2C7-791C-460B-803D-DB43C87E6DA5}.Release|x64.ActiveCfg = Release|Any CPU
		{6279B2C7-791C-460B-803D-DB43C87E6DA5}.Release|x86.ActiveCfg = Release|Any CPU
		{6FFB98F1-5A08-4D99-958B-448A305F52FA}.Debug|Any CPU.ActiveCfg = Debug|Any CPU
		{6FFB98F1-5A08-4D99-958B-448A305F52FA}.Debug|Any CPU.Build.0 = Debug|Any CPU
		{6FFB98F1-5A08-4D99-958B-448A305F52FA}.Debug|x64.ActiveCfg = Debug|Any CPU
		{6FFB98F1-5A08-4D99-958B-448A305F52FA}.Debug|x64.Build.0 = Debug|Any CPU
		{6FFB98F1-5A08-4D99-958B-448A305F52FA}.Debug|x86.ActiveCfg = Debug|Any CPU
		{6FFB98F1-5A08-4D99-958B-448A305F52FA}.Debug|x86.Build.0 = Debug|Any CPU
		{6FFB98F1-5A08-4D99-958B-448A305F52FA}.Release|Any CPU.ActiveCfg = Release|Any CPU
		{6FFB98F1-5A08-4D99-958B-448A305F52FA}.Release|Any CPU.Build.0 = Release|Any CPU
		{6FFB98F1-5A08-4D99-958B-448A305F52FA}.Release|x64.ActiveCfg = Release|Any CPU
		{6FFB98F1-5A08-4D99-958B-448A305F52FA}.Release|x64.Build.0 = Release|Any CPU
		{6FFB98F1-5A08-4D99-958B-448A305F52FA}.Release|x86.ActiveCfg = Release|Any CPU
		{6FFB98F1-5A08-4D99-958B-448A305F52FA}.Release|x86.Build.0 = Release|Any CPU
		{9DD5C789-F4F1-447C-B0AA-54604BE727D1}.Debug|Any CPU.ActiveCfg = Debug|Any CPU
		{9DD5C789-F4F1-447C-B0AA-54604BE727D1}.Debug|Any CPU.Build.0 = Debug|Any CPU
		{9DD5C789-F4F1-447C-B0AA-54604BE727D1}.Debug|x64.ActiveCfg = Debug|Any CPU
		{9DD5C789-F4F1-447C-B0AA-54604BE727D1}.Debug|x64.Build.0 = Debug|Any CPU
		{9DD5C789-F4F1-447C-B0AA-54604BE727D1}.Debug|x86.ActiveCfg = Debug|Any CPU
		{9DD5C789-F4F1-447C-B0AA-54604BE727D1}.Debug|x86.Build.0 = Debug|Any CPU
		{9DD5C789-F4F1-447C-B0AA-54604BE727D1}.Release|Any CPU.ActiveCfg = Release|Any CPU
		{9DD5C789-F4F1-447C-B0AA-54604BE727D1}.Release|Any CPU.Build.0 = Release|Any CPU
		{9DD5C789-F4F1-447C-B0AA-54604BE727D1}.Release|x64.ActiveCfg = Release|Any CPU
		{9DD5C789-F4F1-447C-B0AA-54604BE727D1}.Release|x64.Build.0 = Release|Any CPU
		{9DD5C789-F4F1-447C-B0AA-54604BE727D1}.Release|x86.ActiveCfg = Release|Any CPU
		{9DD5C789-F4F1-447C-B0AA-54604BE727D1}.Release|x86.Build.0 = Release|Any CPU
	EndGlobalSection
	GlobalSection(SolutionProperties) = preSolution
		HideSolutionNode = FALSE
	EndGlobalSection
	GlobalSection(NestedProjects) = preSolution
		{A1C4E079-A4C9-442C-A5AE-CE63196AE9B2} = {827E0CD3-B72D-47B6-A68D-7590B98EB39B}
		{FB675BDC-2726-44FA-AEAD-F2F5DBDD3826} = {827E0CD3-B72D-47B6-A68D-7590B98EB39B}
		{6279B2C7-791C-460B-803D-DB43C87E6DA5} = {827E0CD3-B72D-47B6-A68D-7590B98EB39B}
		{6FFB98F1-5A08-4D99-958B-448A305F52FA} = {0AB3BF05-4346-4AA6-1389-037BE0695223}
		{9DD5C789-F4F1-447C-B0AA-54604BE727D1} = {0AB3BF05-4346-4AA6-1389-037BE0695223}
	EndGlobalSection
EndGlobal
